
Microsoft Visual Studio Solution File, Format Version 12.00
# Visual Studio 15
VisualStudioVersion = 15.0.27428.1
MinimumVisualStudioVersion = 10.0.40219.1
Project("{FAE04EC0-301F-11D3-BF4B-00C04F79EFBC}") = "ShopsParser", "ShopsParser\ShopsParser.csproj", "{9E6EF2D5-576B-42E3-84FC-2C9F95E78ED4}"
EndProject
Global
	GlobalSection(SolutionConfigurationPlatforms) = preSolution
		Debug|Any CPU = Debug|Any CPU
		Release|Any CPU = Release|Any CPU
	EndGlobalSection
	GlobalSection(ProjectConfigurationPlatforms) = postSolution
		{9E6EF2D5-576B-42E3-84FC-2C9F95E78ED4}.Debug|Any CPU.ActiveCfg = Debug|Any CPU
		{9E6EF2D5-576B-42E3-84FC-2C9F95E78ED4}.Debug|Any CPU.Build.0 = Debug|Any CPU
		{9E6EF2D5-576B-42E3-84FC-2C9F95E78ED4}.Release|Any CPU.ActiveCfg = Release|Any CPU
		{9E6EF2D5-576B-42E3-84FC-2C9F95E78ED4}.Release|Any CPU.Build.0 = Release|Any CPU
	EndGlobalSection
	GlobalSection(SolutionProperties) = preSolution
		HideSolutionNode = FALSE
	EndGlobalSection
	GlobalSection(ExtensibilityGlobals) = postSolution
		SolutionGuid = {05F20E5E-3350-4AF8-931E-3E1DAD905931}
	EndGlobalSection
EndGlobal
